{
  "version": 1,
  "dependencies": {
    "net10.0-windows7.0": {
      "AutoCAD.NET": {
        "type": "Direct",
        "requested": "[25.0.2, )",
        "resolved": "25.0.2",
        "contentHash": "MXpDqy1iVvtAJqHyAct5RR9nmFjJvWPxxY1umggMvreqVlT9uBpjDRAsBoHOK9ey5ltvOFYx5pxYuOKI2P1vGQ==",
        "dependencies": {
          "AutoCAD.NET.Core": "[25.0.2]"
        }
      },
      "AutoCAD.NET.Core": {
        "type": "Transitive",
        "resolved": "25.0.2",
        "contentHash": "Pk/OejBoVSDa72aJo5BR8U5Tozvcp+eQikuLtcQyFND8Me1rbq+0Tu+MIFNkR/vYlUlORcuq6swyeZX7Ky5GMw==",
        "dependencies": {
          "AutoCAD.NET.Model": "[25.0.2]"
        }
      },
      "AutoCAD.NET.Model": {
        "type": "Transitive",
        "resolved": "25.0.2",
        "contentHash": "BLo7qubBLN1gMTAUYTqoNX1tWENNj5uM1lOdZttkbR2EucaiyuXRUAwIKh6faTQ3z2NTCkdFb8t9jUSmLdDfCA=="
      },
      "PdfPig": {
        "type": "Transitive",
        "resolved": "0.1.16",
        "contentHash": "qQcbsNMYVY+K5ELptax2S8thNMk0+rSQq3H/KdYj3LLcko8yTCz8y5KIvsKxIyAuTN0ZYNnfsZkM+0EvxTwHVA=="
      },
      "cadmcp.core": {
        "type": "Project",
        "dependencies": {
          "PdfPig": "[0.1.16, )"
        }
      }
    },
    "net10.0-windows7.0/win-x64": {}
  }
}