
Microsoft Visual Studio Solution File, Format Version 12.00
# Visual Studio Version 17
VisualStudioVersion = 17.0.31903.59
MinimumVisualStudioVersion = 10.0.40219.1
Project("{2150E333-8FDC-42A3-9474-1A3956D46DE8}") = "src", "src", "{827E0CD3-B72D-47B6-A68D-7590B98EB39B}"
EndProject
Project("{FAE04EC0-301F-11D3-BF4B-00C04F79EFBC}") = "CadMcp.Core", "src\CadMcp.Core\CadMcp.Core.csproj", "{F23885C3-7D9B-46F6-AC91-AD995524D6DE}"
EndProject
Project("{FAE04EC0-301F-11D3-BF4B-00C04F79EFBC}") = "CadMcp.Host", "src\CadMcp.Host\CadMcp.Host.csproj", "{DAC244C2-06CF-45B2-8BE8-52DDB2198D64}"
EndProject
Project("{FAE04EC0-301F-11D3-BF4B-00C04F79EFBC}") = "CadMcp.AutoCAD", "src\CadMcp.AutoCAD\CadMcp.AutoCAD.csproj", "{0CDBABED-FAC2-4FF4-AC39-4999CE478EFE}"
EndProject
Project("{FAE04EC0-301F-11D3-BF4B-00C04F79EFBC}") = "CadMcp.Providers", "src\CadMcp.Providers\CadMcp.Providers.csproj", "{83460C3B-DD66-4D4C-9174-84238197BC9D}"
EndProject
Project("{2150E333-8FDC-42A3-9474-1A3956D46DE8}") = "tests", "tests", "{0AB3BF05-4346-4AA6-1389-037BE0695223}"
EndProject
Project("{FAE04EC0-301F-11D3-BF4B-00C04F79EFBC}") = "CadMcp.Tests", "tests\CadMcp.Tests\CadMcp.Tests.csproj", "{E341EE57-DF23-4E79-AB0E-2A22BAF7AF66}"
EndProject
Global
	GlobalSection(SolutionConfigurationPlatforms) = preSolution
		Debug|Any CPU = Debug|Any CPU
		Debug|x64 = Debug|x64
		Debug|x86 = Debug|x86
		Release|Any CPU = Release|Any CPU
		Release|x64 = Release|x64
		Release|x86 = Release|x86
	EndGlobalSection
	GlobalSection(ProjectConfigurationPlatforms) = postSolution
		{F23885C3-7D9B-46F6-AC91-AD995524D6DE}.Debug|Any CPU.ActiveCfg = Debug|Any CPU
		{F23885C3-7D9B-46F6-AC91-AD995524D6DE}.Debug|Any CPU.Build.0 = Debug|Any CPU
		{F23885C3-7D9B-46F6-AC91-AD995524D6DE}.Debug|x64.ActiveCfg = Debug|Any CPU
		{F23885C3-7D9B-46F6-AC91-AD995524D6DE}.Debug|x64.Build.0 = Debug|Any CPU
		{F23885C3-7D9B-46F6-AC91-AD995524D6DE}.Debug|x86.ActiveCfg = Debug|Any CPU
		{F23885C3-7D9B-46F6-AC91-AD995524D6DE}.Debug|x86.Build.0 = Debug|Any CPU
		{F23885C3-7D9B-46F6-AC91-AD995524D6DE}.Release|Any CPU.ActiveCfg = Release|Any CPU
		{F23885C3-7D9B-46F6-AC91-AD995524D6DE}.Release|Any CPU.Build.0 = Release|Any CPU
		{F23885C3-7D9B-46F6-AC91-AD995524D6DE}.Release|x64.ActiveCfg = Release|Any CPU
		{F23885C3-7D9B-46F6-AC91-AD995524D6DE}.Release|x64.Build.0 = Release|Any CPU
		{F23885C3-7D9B-46F6-AC91-AD995524D6DE}.Release|x86.ActiveCfg = Release|Any CPU
		{F23885C3-7D9B-46F6-AC91-AD995524D6DE}.Release|x86.Build.0 = Release|Any CPU
		{DAC244C2-06CF-45B2-8BE8-52DDB2198D64}.Debug|Any CPU.ActiveCfg = Debug|Any CPU
		{DAC244C2-06CF-45B2-8BE8-52DDB2198D64}.Debug|Any CPU.Build.0 = Debug|Any CPU
		{DAC244C2-06CF-45B2-8BE8-52DDB2198D64}.Debug|x64.ActiveCfg = Debug|Any CPU
		{DAC244C2-06CF-45B2-8BE8-52DDB2198D64}.Debug|x64.Build.0 = Debug|Any CPU
		{DAC244C2-06CF-45B2-8BE8-52DDB2198D64}.Debug|x86.ActiveCfg = Debug|Any CPU
		{DAC244C2-06CF-45B2-8BE8-52DDB2198D64}.Debug|x86.Build.0 = Debug|Any CPU
		{DAC244C2-06CF-45B2-8BE8-52DDB2198D64}.Release|Any CPU.ActiveCfg = Release|Any CPU
		{DAC244C2-06CF-45B2-8BE8-52DDB2198D64}.Release|Any CPU.Build.0 = Release|Any CPU
		{DAC244C2-06CF-45B2-8BE8-52DDB2198D64}.Release|x64.ActiveCfg = Release|Any CPU
		{DAC244C2-06CF-45B2-8BE8-52DDB2198D64}.Release|x64.Build.0 = Release|Any CPU
		{DAC244C2-06CF-45B2-8BE8-52DDB2198D64}.Release|x86.ActiveCfg = Release|Any CPU
		{DAC244C2-06CF-45B2-8BE8-52DDB2198D64}.Release|x86.Build.0 = Release|Any CPU
		{0CDBABED-FAC2-4FF4-AC39-4999CE478EFE}.Debug|Any CPU.ActiveCfg = Debug|Any CPU
		{0CDBABED-FAC2-4FF4-AC39-4999CE478EFE}.Debug|Any CPU.Build.0 = Debug|Any CPU
		{0CDBABED-FAC2-4FF4-AC39-4999CE478EFE}.Debug|x64.ActiveCfg = Debug|Any CPU
		{0CDBABED-FAC2-4FF4-AC39-4999CE478EFE}.Debug|x64.Build.0 = Debug|Any CPU
		{0CDBABED-FAC2-4FF4-AC39-4999CE478EFE}.Debug|x86.ActiveCfg = Debug|Any CPU
		{0CDBABED-FAC2-4FF4-AC39-4999CE478EFE}.Debug|x86.Build.0 = Debug|Any CPU
		{0CDBABED-FAC2-4FF4-AC39-4999CE478EFE}.Release|Any CPU.ActiveCfg = Release|Any CPU
		{0CDBABED-FAC2-4FF4-AC39-4999CE478EFE}.Release|Any CPU.Build.0 = Release|Any CPU
		{0CDBABED-FAC2-4FF4-AC39-4999CE478EFE}.Release|x64.ActiveCfg = Release|Any CPU
		{0CDBABED-FAC2-4FF4-AC39-4999CE478EFE}.Release|x64.Build.0 = Release|Any CPU
		{0CDBABED-FAC2-4FF4-AC39-4999CE478EFE}.Release|x86.ActiveCfg = Release|Any CPU
		{0CDBABED-FAC2-4FF4-AC39-4999CE478EFE}.Release|x86.Build.0 = Release|Any CPU
		{83460C3B-DD66-4D4C-9174-84238197BC9D}.Debug|Any CPU.ActiveCfg = Debug|Any CPU
		{83460C3B-DD66-4D4C-9174-84238197BC9D}.Debug|Any CPU.Build.0 = Debug|Any CPU
		{83460C3B-DD66-4D4C-9174-84238197BC9D}.Debug|x64.ActiveCfg = Debug|Any CPU
		{83460C3B-DD66-4D4C-9174-84238197BC9D}.Debug|x64.Build.0 = Debug|Any CPU
		{83460C3B-DD66-4D4C-9174-84238197BC9D}.Debug|x86.ActiveCfg = Debug|Any CPU
		{83460C3B-DD66-4D4C-9174-84238197BC9D}.Debug|x86.Build.0 = Debug|Any CPU
		{83460C3B-DD66-4D4C-9174-84238197BC9D}.Release|Any CPU.ActiveCfg = Release|Any CPU
		{83460C3B-DD66-4D4C-9174-84238197BC9D}.Release|Any CPU.Build.0 = Release|Any CPU
		{83460C3B-DD66-4D4C-9174-84238197BC9D}.Release|x64.ActiveCfg = Release|Any CPU
		{83460C3B-DD66-4D4C-9174-84238197BC9D}.Release|x64.Build.0 = Release|Any CPU
		{83460C3B-DD66-4D4C-9174-84238197BC9D}.Release|x86.ActiveCfg = Release|Any CPU
		{83460C3B-DD66-4D4C-9174-84238197BC9D}.Release|x86.Build.0 = Release|Any CPU
		{E341EE57-DF23-4E79-AB0E-2A22BAF7AF66}.Debug|Any CPU.ActiveCfg = Debug|Any CPU
		{E341EE57-DF23-4E79-AB0E-2A22BAF7AF66}.Debug|Any CPU.Build.0 = Debug|Any CPU
		{E341EE57-DF23-4E79-AB0E-2A22BAF7AF66}.Debug|x64.ActiveCfg = Debug|Any CPU
		{E341EE57-DF23-4E79-AB0E-2A22BAF7AF66}.Debug|x64.Build.0 = Debug|Any CPU
		{E341EE57-DF23-4E79-AB0E-2A22BAF7AF66}.Debug|x86.ActiveCfg = Debug|Any CPU
		{E341EE57-DF23-4E79-AB0E-2A22BAF7AF66}.Debug|x86.Build.0 = Debug|Any CPU
		{E341EE57-DF23-4E79-AB0E-2A22BAF7AF66}.Release|Any CPU.ActiveCfg = Release|Any CPU
		{E341EE57-DF23-4E79-AB0E-2A22BAF7AF66}.Release|Any CPU.Build.0 = Release|Any CPU
		{E341EE57-DF23-4E79-AB0E-2A22BAF7AF66}.Release|x64.ActiveCfg = Release|Any CPU
		{E341EE57-DF23-4E79-AB0E-2A22BAF7AF66}.Release|x64.Build.0 = Release|Any CPU
		{E341EE57-DF23-4E79-AB0E-2A22BAF7AF66}.Release|x86.ActiveCfg = Release|Any CPU
		{E341EE57-DF23-4E79-AB0E-2A22BAF7AF66}.Release|x86.Build.0 = Release|Any CPU
	EndGlobalSection
	GlobalSection(SolutionProperties) = preSolution
		HideSolutionNode = FALSE
	EndGlobalSection
	GlobalSection(NestedProjects) = preSolution
		{F23885C3-7D9B-46F6-AC91-AD995524D6DE} = {827E0CD3-B72D-47B6-A68D-7590B98EB39B}
		{DAC244C2-06CF-45B2-8BE8-52DDB2198D64} = {827E0CD3-B72D-47B6-A68D-7590B98EB39B}
		{0CDBABED-FAC2-4FF4-AC39-4999CE478EFE} = {827E0CD3-B72D-47B6-A68D-7590B98EB39B}
		{83460C3B-DD66-4D4C-9174-84238197BC9D} = {827E0CD3-B72D-47B6-A68D-7590B98EB39B}
		{E341EE57-DF23-4E79-AB0E-2A22BAF7AF66} = {0AB3BF05-4346-4AA6-1389-037BE0695223}
	EndGlobalSection
EndGlobal
